
Microsoft Visual Studio Solution File, Format Version 12.00
# Visual Studio 14
VisualStudioVersion = 14.0.25123.0
MinimumVisualStudioVersion = 10.0.40219.1
Project("{FAE04EC0-301F-11D3-BF4B-00C04F79EFBC}") = "PrimusFlex.Web", "..\PrimusFlex.Web\PrimusFlex.Web.csproj", "{6AABA7E0-F3BD-45CF-90C4-42A665EEF1C9}"
EndProject
Project("{2150E333-8FDC-42A3-9474-1A3956D46DE8}") = "Data", "Data", "{37D726BB-E83B-48E7-A022-9D542DDC61A8}"
EndProject
Project("{FAE04EC0-301F-11D3-BF4B-00C04F79EFBC}") = "PrimusFlex.Data.Common", "..\data\PrimusFlex.Data.Common\PrimusFlex.Data.Common.csproj", "{71A7AF99-9945-4DCA-83DE-B33A97D02071}"
EndProject
Project("{FAE04EC0-301F-11D3-BF4B-00C04F79EFBC}") = "PrimusFlex.Data.Models", "..\data\PrimusFlex.Data.Models\PrimusFlex.Data.Models.csproj", "{E98B6738-73FB-492E-8CD2-6A374F0E0CBE}"
EndProject
Project("{FAE04EC0-301F-11D3-BF4B-00C04F79EFBC}") = "PrimusFlex.Data", "..\data\PrimusFlex.Data\PrimusFlex.Data.csproj", "{2FA4745D-85CB-4559-B2AB-D9AD92CCF3F7}"
EndProject
Project("{FAE04EC0-301F-11D3-BF4B-00C04F79EFBC}") = "PrimusFlex.Infrastructure", "..\PrimusFlex.Infrastructure\PrimusFlex.Infrastructure.csproj", "{828141CE-DA33-48B3-B53D-B20E4D4103DF}"
EndProject
Global
	GlobalSection(SolutionConfigurationPlatforms) = preSolution
		Debug|Any CPU = Debug|Any CPU
		Release|Any CPU = Release|Any CPU
	EndGlobalSection
	GlobalSection(ProjectConfigurationPlatforms) = postSolution
		{6AABA7E0-F3BD-45CF-90C4-42A665EEF1C9}.Debug|Any CPU.ActiveCfg = Debug|Any CPU
		{6AABA7E0-F3BD-45CF-90C4-42A665EEF1C9}.Debug|Any CPU.Build.0 = Debug|Any CPU
		{6AABA7E0-F3BD-45CF-90C4-42A665EEF1C9}.Release|Any CPU.ActiveCfg = Release|Any CPU
		{6AABA7E0-F3BD-45CF-90C4-42A665EEF1C9}.Release|Any CPU.Build.0 = Release|Any CPU
		{71A7AF99-9945-4DCA-83DE-B33A97D02071}.Debug|Any CPU.ActiveCfg = Debug|Any CPU
		{71A7AF99-9945-4DCA-83DE-B33A97D02071}.Debug|Any CPU.Build.0 = Debug|Any CPU
		{71A7AF99-9945-4DCA-83DE-B33A97D02071}.Release|Any CPU.ActiveCfg = Release|Any CPU
		{71A7AF99-9945-4DCA-83DE-B33A97D02071}.Release|Any CPU.Build.0 = Release|Any CPU
		{E98B6738-73FB-492E-8CD2-6A374F0E0CBE}.Debug|Any CPU.ActiveCfg = Debug|Any CPU
		{E98B6738-73FB-492E-8CD2-6A374F0E0CBE}.Debug|Any CPU.Build.0 = Debug|Any CPU
		{E98B6738-73FB-492E-8CD2-6A374F0E0CBE}.Release|Any CPU.ActiveCfg = Release|Any CPU
		{E98B6738-73FB-492E-8CD2-6A374F0E0CBE}.Release|Any CPU.Build.0 = Release|Any CPU
		{2FA4745D-85CB-4559-B2AB-D9AD92CCF3F7}.Debug|Any CPU.ActiveCfg = Debug|Any CPU
		{2FA4745D-85CB-4559-B2AB-D9AD92CCF3F7}.Debug|Any CPU.Build.0 = Debug|Any CPU
		{2FA4745D-85CB-4559-B2AB-D9AD92CCF3F7}.Release|Any CPU.ActiveCfg = Release|Any CPU
		{2FA4745D-85CB-4559-B2AB-D9AD92CCF3F7}.Release|Any CPU.Build.0 = Release|Any CPU
		{828141CE-DA33-48B3-B53D-B20E4D4103DF}.Debug|Any CPU.ActiveCfg = Debug|Any CPU
		{828141CE-DA33-48B3-B53D-B20E4D4103DF}.Debug|Any CPU.Build.0 = Debug|Any CPU
		{828141CE-DA33-48B3-B53D-B20E4D4103DF}.Release|Any CPU.ActiveCfg = Release|Any CPU
		{828141CE-DA33-48B3-B53D-B20E4D4103DF}.Release|Any CPU.Build.0 = Release|Any CPU
	EndGlobalSection
	GlobalSection(SolutionProperties) = preSolution
		HideSolutionNode = FALSE
	EndGlobalSection
	GlobalSection(NestedProjects) = preSolution
		{71A7AF99-9945-4DCA-83DE-B33A97D02071} = {37D726BB-E83B-48E7-A022-9D542DDC61A8}
		{E98B6738-73FB-492E-8CD2-6A374F0E0CBE} = {37D726BB-E83B-48E7-A022-9D542DDC61A8}
		{2FA4745D-85CB-4559-B2AB-D9AD92CCF3F7} = {37D726BB-E83B-48E7-A022-9D542DDC61A8}
	EndGlobalSection
EndGlobal
